// !$*UTF8*$!
{
	archiveVersion = 1;
	classes = {
	};
	objectVersion = 46;
	objects = {

/* Begin PBXBuildFile section */
		FD5E16341AA051B500885A18 /* AppDelegate.swift in Sources */ = {isa = PBXBuildFile; fileRef = FD5E16331AA051B500885A18 /* AppDelegate.swift */; };
		FD5E16391AA051B500885A18 /* Main.storyboard in Resources */ = {isa = PBXBuildFile; fileRef = FD5E16371AA051B500885A18 /* Main.storyboard */; };
		FD5E163B1AA051B500885A18 /* Images.xcassets in Resources */ = {isa = PBXBuildFile; fileRef = FD5E163A1AA051B500885A18 /* Images.xcassets */; };
		FD5E163E1AA051B500885A18 /* LaunchScreen.xib in Resources */ = {isa = PBXBuildFile; fileRef = FD5E163C1AA051B500885A18 /* LaunchScreen.xib */; };
		FD5E164A1AA051B500885A18 /* customTableViewTests.swift in Sources */ = {isa = PBXBuildFile; fileRef = FD5E16491AA051B500885A18 /* customTableViewTests.swift */; };
		FD5E16541AA0523B00885A18 /* TableViewController.swift in Sources */ = {isa = PBXBuildFile; fileRef = FD5E16531AA0523B00885A18 /* TableViewController.swift */; };
		FD5E16561AA0525800885A18 /* TableViewCell.swift in Sources */ = {isa = PBXBuildFile; fileRef = FD5E16551AA0525800885A18 /* TableViewCell.swift */; };
		FD5E16581AA0560000885A18 /* data.swift in Sources */ = {isa = PBXBuildFile; fileRef = FD5E16571AA0560000885A18 /* data.swift */; };
		FD5E165A1AA0561E00885A18 /* balloon.swift in Sources */ = {isa = PBXBuildFile; fileRef = FD5E16591AA0561E00885A18 /* balloon.swift */; };
		FD5E165C1AA0623C00885A18 /* blue.png in Resources */ = {isa = PBXBuildFile; fileRef = FD5E165B1AA0623C00885A18 /* blue.png */; };
		FD5E165E1AA0624B00885A18 /* orange.png in Resources */ = {isa = PBXBuildFile; fileRef = FD5E165D1AA0624B00885A18 /* orange.png */; };
		FD5E16601AA0625100885A18 /* green.png in Resources */ = {isa = PBXBuildFile; fileRef = FD5E165F1AA0625100885A18 /* green.png */; };
		FD5E16621AA0625900885A18 /* red.png in Resources */ = {isa = PBXBuildFile; fileRef = FD5E16611AA0625900885A18 /* red.png */; };
		FD5E16641AA0626000885A18 /* white.png in Resources */ = {isa = PBXBuildFile; fileRef = FD5E16631AA0626000885A18 /* white.png */; };
		FD5E16661AA0626600885A18 /* pink.png in Resources */ = {isa = PBXBuildFile; fileRef = FD5E16651AA0626600885A18 /* pink.png */; };
		FD5E16681AA0626C00885A18 /* yellow.png in Resources */ = {isa = PBXBuildFile; fileRef = FD5E16671AA0626C00885A18 /* yellow.png */; };
/* End PBXBuildFile section */

/* Begin PBXContainerItemProxy section */
		FD5E16441AA051B500885A18 /* PBXContainerItemProxy */ = {
			isa = PBXContainerItemProxy;
			containerPortal = FD5E16261AA051B500885A18 /* Project object */;
			proxyType = 1;
			remoteGlobalIDString = FD5E162D1AA051B500885A18;
			remoteInfo = customTableView;
		};
/* End PBXContainerItemProxy section */

/* Begin PBXFileReference section */
		FD5E162E1AA051B500885A18 /* customTableView.app */ = {isa = PBXFileReference; explicitFileType = wrapper.application; includeInIndex = 0; path = customTableView.app; sourceTree = BUILT_PRODUCTS_DIR; };
		FD5E16321AA051B500885A18 /* Info.plist */ = {isa = PBXFileReference; lastKnownFileType = text.plist.xml; path = Info.plist; sourceTree = "<group>"; };
		FD5E16331AA051B500885A18 /* AppDelegate.swift */ = {isa = PBXFileReference; lastKnownFileType = sourcecode.swift; path = AppDelegate.swift; sourceTree = "<group>"; };
		FD5E16381AA051B500885A18 /* Base */ = {isa = PBXFileReference; lastKnownFileType = file.storyboard; name = Base; path = Base.lproj/Main.storyboard; sourceTree = "<group>"; };
		FD5E163A1AA051B500885A18 /* Images.xcassets */ = {isa = PBXFileReference; lastKnownFileType = folder.assetcatalog; path = Images.xcassets; sourceTree = "<group>"; };
		FD5E163D1AA051B500885A18 /* Base */ = {isa = PBXFileReference; lastKnownFileType = file.xib; name = Base; path = Base.lproj/LaunchScreen.xib; sourceTree = "<group>"; };
		FD5E16431AA051B500885A18 /* customTableViewTests.xctest */ = {isa = PBXFileReference; explicitFileType = wrapper.cfbundle; includeInIndex = 0; path = customTableViewTests.xctest; sourceTree = BUILT_PRODUCTS_DIR; };
		FD5E16481AA051B500885A18 /* Info.plist */ = {isa = PBXFileReference; lastKnownFileType = text.plist.xml; path = Info.plist; sourceTree = "<group>"; };
		FD5E16491AA051B500885A18 /* customTableViewTests.swift */ = {isa = PBXFileReference; lastKnownFileType = sourcecode.swift; path = customTableViewTests.swift; sourceTree = "<group>"; };
		FD5E16531AA0523B00885A18 /* TableViewController.swift */ = {isa = PBXFileReference; fileEncoding = 4; lastKnownFileType = sourcecode.swift; path = TableViewController.swift; sourceTree = "<group>"; };
		FD5E16551AA0525800885A18 /* TableViewCell.swift */ = {isa = PBXFileReference; fileEncoding = 4; lastKnownFileType = sourcecode.swift; path = TableViewCell.swift; sourceTree = "<group>"; };
		FD5E16571AA0560000885A18 /* data.swift */ = {isa = PBXFileReference; fileEncoding = 4; lastKnownFileType = sourcecode.swift; path = data.swift; sourceTree = "<group>"; };
		FD5E16591AA0561E00885A18 /* balloon.swift */ = {isa = PBXFileReference; fileEncoding = 4; lastKnownFileType = sourcecode.swift; path = balloon.swift; sourceTree = "<group>"; };
		FD5E165B1AA0623C00885A18 /* blue.png */ = {isa = PBXFileReference; lastKnownFileType = image.png; path = blue.png; sourceTree = "<group>"; };
		FD5E165D1AA0624B00885A18 /* orange.png */ = {isa = PBXFileReference; lastKnownFileType = image.png; path = orange.png; sourceTree = "<group>"; };
		FD5E165F1AA0625100885A18 /* green.png */ = {isa = PBXFileReference; lastKnownFileType = image.png; path = green.png; sourceTree = "<group>"; };
		FD5E16611AA0625900885A18 /* red.png */ = {isa = PBXFileReference; lastKnownFileType = image.png; path = red.png; sourceTree = "<group>"; };
		FD5E16631AA0626000885A18 /* white.png */ = {isa = PBXFileReference; lastKnownFileType = image.png; path = white.png; sourceTree = "<group>"; };
		FD5E16651AA0626600885A18 /* pink.png */ = {isa = PBXFileReference; lastKnownFileType = image.png; path = pink.png; sourceTree = "<group>"; };
		FD5E16671AA0626C00885A18 /* yellow.png */ = {isa = PBXFileReference; lastKnownFileType = image.png; path = yellow.png; sourceTree = "<group>"; };
/* End PBXFileReference section */

/* Begin PBXFrameworksBuildPhase section */
		FD5E162B1AA051B500885A18 /* Frameworks */ = {
			isa = PBXFrameworksBuildPhase;
			buildActionMask = 2147483647;
			files = (
			);
			runOnlyForDeploymentPostprocessing = 0;
		};
		FD5E16401AA051B500885A18 /* Frameworks */ = {
			isa = PBXFrameworksBuildPhase;
			buildActionMask = 2147483647;
			files = (
			);
			runOnlyForDeploymentPostprocessing = 0;
		};
/* End PBXFrameworksBuildPhase section */

/* Begin PBXGroup section */
		FD5E16251AA051B500885A18 = {
			isa = PBXGroup;
			children = (
				FD5E16531AA0523B00885A18 /* TableViewController.swift */,
				FD5E16551AA0525800885A18 /* TableViewCell.swift */,
				FD5E16301AA051B500885A18 /* customTableView */,
				FD5E16461AA051B500885A18 /* customTableViewTests */,
				FD5E162F1AA051B500885A18 /* Products */,
			);
			sourceTree = "<group>";
		};
		FD5E162F1AA051B500885A18 /* Products */ = {
			isa = PBXGroup;
			children = (
				FD5E162E1AA051B500885A18 /* customTableView.app */,
				FD5E16431AA051B500885A18 /* customTableViewTests.xctest */,
			);
			name = Products;
			sourceTree = "<group>";
		};
		FD5E16301AA051B500885A18 /* customTableView */ = {
			isa = PBXGroup;
			children = (
				FD5E16331AA051B500885A18 /* AppDelegate.swift */,
				FD5E16371AA051B500885A18 /* Main.storyboard */,
				FD5E16571AA0560000885A18 /* data.swift */,
				FD5E16591AA0561E00885A18 /* balloon.swift */,
				FD5E163A1AA051B500885A18 /* Images.xcassets */,
				FD5E163C1AA051B500885A18 /* LaunchScreen.xib */,
				FD5E16311AA051B500885A18 /* Supporting Files */,
			);
			path = customTableView;
			sourceTree = "<group>";
		};
		FD5E16311AA051B500885A18 /* Supporting Files */ = {
			isa = PBXGroup;
			children = (
				FD5E16671AA0626C00885A18 /* yellow.png */,
				FD5E16651AA0626600885A18 /* pink.png */,
				FD5E16631AA0626000885A18 /* white.png */,
				FD5E16611AA0625900885A18 /* red.png */,
				FD5E165F1AA0625100885A18 /* green.png */,
				FD5E165D1AA0624B00885A18 /* orange.png */,
				FD5E165B1AA0623C00885A18 /* blue.png */,
				FD5E16321AA051B500885A18 /* Info.plist */,
			);
			name = "Supporting Files";
			sourceTree = "<group>";
		};
		FD5E16461AA051B500885A18 /* customTableViewTests */ = {
			isa = PBXGroup;
			children = (
				FD5E16491AA051B500885A18 /* customTableViewTests.swift */,
				FD5E16471AA051B500885A18 /* Supporting Files */,
			);
			path = customTableViewTests;
			sourceTree = "<group>";
		};
		FD5E16471AA051B500885A18 /* Supporting Files */ = {
			isa = PBXGroup;
			children = (
				FD5E16481AA051B500885A18 /* Info.plist */,
			);
			name = "Supporting Files";
			sourceTree = "<group>";
		};
/* End PBXGroup section */

/* Begin PBXNativeTarget section */
		FD5E162D1AA051B500885A18 /* customTableView */ = {
			isa = PBXNativeTarget;
			buildConfigurationList = FD5E164D1AA051B500885A18 /* Build configuration list for PBXNativeTarget "customTableView" */;
			buildPhases = (
				FD5E162A1AA051B500885A18 /* Sources */,
				FD5E162B1AA051B500885A18 /* Frameworks */,
				FD5E162C1AA051B500885A18 /* Resources */,
			);
			buildRules = (
			);
			dependencies = (
			);
			name = customTableView;
			productName = customTableView;
			productReference = FD5E162E1AA051B500885A18 /* customTableView.app */;
			productType = "com.apple.product-type.application";
		};
		FD5E16421AA051B500885A18 /* customTableViewTests */ = {
			isa = PBXNativeTarget;
			buildConfigurationList = FD5E16501AA051B500885A18 /* Build configuration list for PBXNativeTarget "customTableViewTests" */;
			buildPhases = (
				FD5E163F1AA051B500885A18 /* Sources */,
				FD5E16401AA051B500885A18 /* Frameworks */,
				FD5E16411AA051B500885A18 /* Resources */,
			);
			buildRules = (
			);
			dependencies = (
				FD5E16451AA051B500885A18 /* PBXTargetDependency */,
			);
			name = customTableViewTests;
			productName = customTableViewTests;
			productReference = FD5E16431AA051B500885A18 /* customTableViewTests.xctest */;
			productType = "com.apple.product-type.bundle.unit-test";
		};
/* End PBXNativeTarget section */

/* Begin PBXProject section */
		FD5E16261AA051B500885A18 /* Project object */ = {
			isa = PBXProject;
			attributes = {
				LastUpgradeCheck = 0600;
				ORGANIZATIONNAME = iStudents;
				TargetAttributes = {
					FD5E162D1AA051B500885A18 = {
						CreatedOnToolsVersion = 6.0;
					};
					FD5E16421AA051B500885A18 = {
						CreatedOnToolsVersion = 6.0;
						TestTargetID = FD5E162D1AA051B500885A18;
					};
				};
			};
			buildConfigurationList = FD5E16291AA051B500885A18 /* Build configuration list for PBXProject "customTableView" */;
			compatibilityVersion = "Xcode 3.2";
			developmentRegion = English;
			hasScannedForEncodings = 0;
			knownRegions = (
				en,
				Base,
			);
			mainGroup = FD5E16251AA051B500885A18;
			productRefGroup = FD5E162F1AA051B500885A18 /* Products */;
			projectDirPath = "";
			projectRoot = "";
			targets = (
				FD5E162D1AA051B500885A18 /* customTableView */,
				FD5E16421AA051B500885A18 /* customTableViewTests */,
			);
		};
/* End PBXProject section */

/* Begin PBXResourcesBuildPhase section */
		FD5E162C1AA051B500885A18 /* Resources */ = {
			isa = PBXResourcesBuildPhase;
			buildActionMask = 2147483647;
			files = (
				FD5E16391AA051B500885A18 /* Main.storyboard in Resources */,
				FD5E163E1AA051B500885A18 /* LaunchScreen.xib in Resources */,
				FD5E16661AA0626600885A18 /* pink.png in Resources */,
				FD5E163B1AA051B500885A18 /* Images.xcassets in Resources */,
				FD5E16601AA0625100885A18 /* green.png in Resources */,
				FD5E16621AA0625900885A18 /* red.png in Resources */,
				FD5E16641AA0626000885A18 /* white.png in Resources */,
				FD5E16681AA0626C00885A18 /* yellow.png in Resources */,
				FD5E165E1AA0624B00885A18 /* orange.png in Resources */,
				FD5E165C1AA0623C00885A18 /* blue.png in Resources */,
			);
			runOnlyForDeploymentPostprocessing = 0;
		};
		FD5E16411AA051B500885A18 /* Resources */ = {
			isa = PBXResourcesBuildPhase;
			buildActionMask = 2147483647;
			files = (
			);
			runOnlyForDeploymentPostprocessing = 0;
		};
/* End PBXResourcesBuildPhase section */

/* Begin PBXSourcesBuildPhase section */
		FD5E162A1AA051B500885A18 /* Sources */ = {
			isa = PBXSourcesBuildPhase;
			buildActionMask = 2147483647;
			files = (
				FD5E16561AA0525800885A18 /* TableViewCell.swift in Sources */,
				FD5E16341AA051B500885A18 /* AppDelegate.swift in Sources */,
				FD5E16541AA0523B00885A18 /* TableViewController.swift in Sources */,
				FD5E16581AA0560000885A18 /* data.swift in Sources */,
				FD5E165A1AA0561E00885A18 /* balloon.swift in Sources */,
			);
			runOnlyForDeploymentPostprocessing = 0;
		};
		FD5E163F1AA051B500885A18 /* Sources */ = {
			isa = PBXSourcesBuildPhase;
			buildActionMask = 2147483647;
			files = (
				FD5E164A1AA051B500885A18 /* customTableViewTests.swift in Sources */,
			);
			runOnlyForDeploymentPostprocessing = 0;
		};
/* End PBXSourcesBuildPhase section */

/* Begin PBXTargetDependency section */
		FD5E16451AA051B500885A18 /* PBXTargetDependency */ = {
			isa = PBXTargetDependency;
			target = FD5E162D1AA051B500885A18 /* customTableView */;
			targetProxy = FD5E16441AA051B500885A18 /* PBXContainerItemProxy */;
		};
/* End PBXTargetDependency section */

/* Begin PBXVariantGroup section */
		FD5E16371AA051B500885A18 /* Main.storyboard */ = {
			isa = PBXVariantGroup;
			children = (
				FD5E16381AA051B500885A18 /* Base */,
			);
			name = Main.storyboard;
			sourceTree = "<group>";
		};
		FD5E163C1AA051B500885A18 /* LaunchScreen.xib */ = {
			isa = PBXVariantGroup;
			children = (
				FD5E163D1AA051B500885A18 /* Base */,
			);
			name = LaunchScreen.xib;
			sourceTree = "<group>";
		};
/* End PBXVariantGroup section */

/* Begin XCBuildConfiguration section */
		FD5E164B1AA051B500885A18 /* Debug */ = {
			isa = XCBuildConfiguration;
			buildSettings = {
				ALWAYS_SEARCH_USER_PATHS = NO;
				CLANG_CXX_LANGUAGE_STANDARD = "gnu++0x";
				CLANG_CXX_LIBRARY = "libc++";
				CLANG_ENABLE_MODULES = YES;
				CLANG_ENABLE_OBJC_ARC = YES;
				CLANG_WARN_BOOL_CONVERSION = YES;
				CLANG_WARN_CONSTANT_CONVERSION = YES;
				CLANG_WARN_DIRECT_OBJC_ISA_USAGE = YES_ERROR;
				CLANG_WARN_EMPTY_BODY = YES;
				CLANG_WARN_ENUM_CONVERSION = YES;
				CLANG_WARN_INT_CONVERSION = YES;
				CLANG_WARN_OBJC_ROOT_CLASS = YES_ERROR;
				CLANG_WARN_UNREACHABLE_CODE = YES;
				CLANG_WARN__DUPLICATE_METHOD_MATCH = YES;
				"CODE_SIGN_IDENTITY[sdk=iphoneos*]" = "iPhone Developer";
				COPY_PHASE_STRIP = NO;
				ENABLE_STRICT_OBJC_MSGSEND = YES;
				GCC_C_LANGUAGE_STANDARD = gnu99;
				GCC_DYNAMIC_NO_PIC = NO;
				GCC_OPTIMIZATION_LEVEL = 0;
				GCC_PREPROCESSOR_DEFINITIONS = (
					"DEBUG=1",
					"$(inherited)",
				);
				GCC_SYMBOLS_PRIVATE_EXTERN = NO;
				GCC_WARN_64_TO_32_BIT_CONVERSION = YES;
				GCC_WARN_ABOUT_RETURN_TYPE = YES_ERROR;
				GCC_WARN_UNDECLARED_SELECTOR = YES;
				GCC_WARN_UNINITIALIZED_AUTOS = YES_AGGRESSIVE;
				GCC_WARN_UNUSED_FUNCTION = YES;
				GCC_WARN_UNUSED_VARIABLE = YES;
				IPHONEOS_DEPLOYMENT_TARGET = 8.0;
				MTL_ENABLE_DEBUG_INFO = YES;
				ONLY_ACTIVE_ARCH = YES;
				SDKROOT = iphoneos;
				SWIFT_OPTIMIZATION_LEVEL = "-Onone";
			};
			name = Debug;
		};
		FD5E164C1AA051B500885A18 /* Release */ = {
			isa = XCBuildConfiguration;
			buildSettings = {
				ALWAYS_SEARCH_USER_PATHS = NO;
				CLANG_CXX_LANGUAGE_STANDARD = "gnu++0x";
				CLANG_CXX_LIBRARY = "libc++";
				CLANG_ENABLE_MODULES = YES;
				CLANG_ENABLE_OBJC_ARC = YES;
				CLANG_WARN_BOOL_CONVERSION = YES;
				CLANG_WARN_CONSTANT_CONVERSION = YES;
				CLANG_WARN_DIRECT_OBJC_ISA_USAGE = YES_ERROR;
				CLANG_WARN_EMPTY_BODY = YES;
				CLANG_WARN_ENUM_CONVERSION = YES;
				CLANG_WARN_INT_CONVERSION = YES;
				CLANG_WARN_OBJC_ROOT_CLASS = YES_ERROR;
				CLANG_WARN_UNREACHABLE_CODE = YES;
				CLANG_WARN__DUPLICATE_METHOD_MATCH = YES;
				"CODE_SIGN_IDENTITY[sdk=iphoneos*]" = "iPhone Developer";
				COPY_PHASE_STRIP = YES;
				ENABLE_NS_ASSERTIONS = NO;
				ENABLE_STRICT_OBJC_MSGSEND = YES;
				GCC_C_LANGUAGE_STANDARD = gnu99;
				GCC_WARN_64_TO_32_BIT_CONVERSION = YES;
				GCC_WARN_ABOUT_RETURN_TYPE = YES_ERROR;
				GCC_WARN_UNDECLARED_SELECTOR = YES;
				GCC_WARN_UNINITIALIZED_AUTOS = YES_AGGRESSIVE;
				GCC_WARN_UNUSED_FUNCTION = YES;
				GCC_WARN_UNUSED_VARIABLE = YES;
				IPHONEOS_DEPLOYMENT_TARGET = 8.0;
				MTL_ENABLE_DEBUG_INFO = NO;
				SDKROOT = iphoneos;
				VALIDATE_PRODUCT = YES;
			};
			name = Release;
		};
		FD5E164E1AA051B500885A18 /* Debug */ = {
			isa = XCBuildConfiguration;
			buildSettings = {
				ASSETCATALOG_COMPILER_APPICON_NAME = AppIcon;
				INFOPLIST_FILE = customTableView/Info.plist;
				LD_RUNPATH_SEARCH_PATHS = "$(inherited) @executable_path/Frameworks";
				PRODUCT_NAME = "$(TARGET_NAME)";
			};
			name = Debug;
		};
		FD5E164F1AA051B500885A18 /* Release */ = {
			isa = XCBuildConfiguration;
			buildSettings = {
				ASSETCATALOG_COMPILER_APPICON_NAME = AppIcon;
				INFOPLIST_FILE = customTableView/Info.plist;
				LD_RUNPATH_SEARCH_PATHS = "$(inherited) @executable_path/Frameworks";
				PRODUCT_NAME = "$(TARGET_NAME)";
			};
			name = Release;
		};
		FD5E16511AA051B500885A18 /* Debug */ = {
			isa = XCBuildConfiguration;
			buildSettings = {
				BUNDLE_LOADER = "$(TEST_HOST)";
				FRAMEWORK_SEARCH_PATHS = (
					"$(SDKROOT)/Developer/Library/Frameworks",
					"$(inherited)",
				);
				GCC_PREPROCESSOR_DEFINITIONS = (
					"DEBUG=1",
					"$(inherited)",
				);
				INFOPLIST_FILE = customTableViewTests/Info.plist;
				LD_RUNPATH_SEARCH_PATHS = "$(inherited) @executable_path/Frameworks @loader_path/Frameworks";
				PRODUCT_NAME = "$(TARGET_NAME)";
				TEST_HOST = "$(BUILT_PRODUCTS_DIR)/customTableView.app/customTableView";
			};
			name = Debug;
		};
		FD5E16521AA051B500885A18 /* Release */ = {
			isa = XCBuildConfiguration;
			buildSettings = {
				BUNDLE_LOADER = "$(TEST_HOST)";
				FRAMEWORK_SEARCH_PATHS = (
					"$(SDKROOT)/Developer/Library/Frameworks",
					"$(inherited)",
				);
				INFOPLIST_FILE = customTableViewTests/Info.plist;
				LD_RUNPATH_SEARCH_PATHS = "$(inherited) @executable_path/Frameworks @loader_path/Frameworks";
				PRODUCT_NAME = "$(TARGET_NAME)";
				TEST_HOST = "$(BUILT_PRODUCTS_DIR)/customTableView.app/customTableView";
			};
			name = Release;
		};
/* End XCBuildConfiguration section */

/* Begin XCConfigurationList section */
		FD5E16291AA051B500885A18 /* Build configuration list for PBXProject "customTableView" */ = {
			isa = XCConfigurationList;
			buildConfigurations = (
				FD5E164B1AA051B500885A18 /* Debug */,
				FD5E164C1AA051B500885A18 /* Release */,
			);
			defaultConfigurationIsVisible = 0;
			defaultConfigurationName = Release;
		};
		FD5E164D1AA051B500885A18 /* Build configuration list for PBXNativeTarget "customTableView" */ = {
			isa = XCConfigurationList;
			buildConfigurations = (
				FD5E164E1AA051B500885A18 /* Debug */,
				FD5E164F1AA051B500885A18 /* Release */,
			);
			defaultConfigurationIsVisible = 0;
		};
		FD5E16501AA051B500885A18 /* Build configuration list for PBXNativeTarget "customTableViewTests" */ = {
			isa = XCConfigurationList;
			buildConfigurations = (
				FD5E16511AA051B500885A18 /* Debug */,
				FD5E16521AA051B500885A18 /* Release */,
			);
			defaultConfigurationIsVisible = 0;
		};
/* End XCConfigurationList section */
	};
	rootObject = FD5E16261AA051B500885A18 /* Project object */;
}
